
Microsoft Visual Studio Solution File, Format Version 12.00
# Visual Studio Version 16
VisualStudioVersion = 16.0.34114.132
MinimumVisualStudioVersion = 10.0.40219.1
Project("{FAE04EC0-301F-11D3-BF4B-00C04F79EFBC}") = "WorkflowLib", "WorkflowLib\WorkflowLib.csproj", "{481E4134-8B79-4B7B-81E1-7877B85ED4A6}"
EndProject
Project("{FAE04EC0-301F-11D3-BF4B-00C04F79EFBC}") = "WorkflowDesigner", "WorkflowDesigner\WorkflowDesigner.csproj", "{579FFE84-8B55-4CFD-9310-D5BB38332FA8}"
EndProject
Project("{FAE04EC0-301F-11D3-BF4B-00C04F79EFBC}") = "ConsoleApp", "ConsoleApp\ConsoleApp.csproj", "{72ED9643-9BBC-4E3F-A83B-791A1C7E1C8E}"
EndProject
Global
	GlobalSection(SolutionConfigurationPlatforms) = preSolution
		Debug|Any CPU = Debug|Any CPU
		Release|Any CPU = Release|Any CPU
	EndGlobalSection
	GlobalSection(ProjectConfigurationPlatforms) = postSolution
		{481E4134-8B79-4B7B-81E1-7877B85ED4A6}.Debug|Any CPU.ActiveCfg = Debug|Any CPU
		{481E4134-8B79-4B7B-81E1-7877B85ED4A6}.Debug|Any CPU.Build.0 = Debug|Any CPU
		{481E4134-8B79-4B7B-81E1-7877B85ED4A6}.Release|Any CPU.ActiveCfg = Release|Any CPU
		{481E4134-8B79-4B7B-81E1-7877B85ED4A6}.Release|Any CPU.Build.0 = Release|Any CPU
		{579FFE84-8B55-4CFD-9310-D5BB38332FA8}.Debug|Any CPU.ActiveCfg = Debug|Any CPU
		{579FFE84-8B55-4CFD-9310-D5BB38332FA8}.Debug|Any CPU.Build.0 = Debug|Any CPU
		{579FFE84-8B55-4CFD-9310-D5BB38332FA8}.Release|Any CPU.ActiveCfg = Release|Any CPU
		{579FFE84-8B55-4CFD-9310-D5BB38332FA8}.Release|Any CPU.Build.0 = Release|Any CPU
		{72ED9643-9BBC-4E3F-A83B-791A1C7E1C8E}.Debug|Any CPU.ActiveCfg = Debug|Any CPU
		{72ED9643-9BBC-4E3F-A83B-791A1C7E1C8E}.Debug|Any CPU.Build.0 = Debug|Any CPU
		{72ED9643-9BBC-4E3F-A83B-791A1C7E1C8E}.Release|Any CPU.ActiveCfg = Release|Any CPU
		{72ED9643-9BBC-4E3F-A83B-791A1C7E1C8E}.Release|Any CPU.Build.0 = Release|Any CPU
	EndGlobalSection
	GlobalSection(SolutionProperties) = preSolution
		HideSolutionNode = FALSE
	EndGlobalSection
	GlobalSection(ExtensibilityGlobals) = postSolution
		SolutionGuid = {DB89D2D6-B852-4B48-92FE-E9D32EBC22B3}
	EndGlobalSection
EndGlobal
